// !$*UTF8*$!
{
	archiveVersion = 1;
	classes = {
	};
	objectVersion = 46;
	objects = {

/* Begin PBXBuildFile section */
		A5AA29EA197CAF11003C06D2 /* Foundation.framework in Frameworks */ = {isa = PBXBuildFile; fileRef = A5AA29E9197CAF11003C06D2 /* Foundation.framework */; };
		A5AA29EC197CAF11003C06D2 /* CoreGraphics.framework in Frameworks */ = {isa = PBXBuildFile; fileRef = A5AA29EB197CAF11003C06D2 /* CoreGraphics.framework */; };
		A5AA29EE197CAF11003C06D2 /* UIKit.framework in Frameworks */ = {isa = PBXBuildFile; fileRef = A5AA29ED197CAF11003C06D2 /* UIKit.framework */; };
		A5AA29F4197CAF11003C06D2 /* InfoPlist.strings in Resources */ = {isa = PBXBuildFile; fileRef = A5AA29F2197CAF11003C06D2 /* InfoPlist.strings */; };
		A5AA29F6197CAF11003C06D2 /* main.m in Sources */ = {isa = PBXBuildFile; fileRef = A5AA29F5197CAF11003C06D2 /* main.m */; };
		A5AA29FA197CAF11003C06D2 /* LFAppDelegate.m in Sources */ = {isa = PBXBuildFile; fileRef = A5AA29F9197CAF11003C06D2 /* LFAppDelegate.m */; };
		A5AA29FD197CAF11003C06D2 /* Main.storyboard in Resources */ = {isa = PBXBuildFile; fileRef = A5AA29FB197CAF11003C06D2 /* Main.storyboard */; };
		A5AA2A00197CAF11003C06D2 /* LFViewController.m in Sources */ = {isa = PBXBuildFile; fileRef = A5AA29FF197CAF11003C06D2 /* LFViewController.m */; };
		A5AA2A02197CAF11003C06D2 /* Images.xcassets in Resources */ = {isa = PBXBuildFile; fileRef = A5AA2A01197CAF11003C06D2 /* Images.xcassets */; };
		A5AA2A09197CAF11003C06D2 /* XCTest.framework in Frameworks */ = {isa = PBXBuildFile; fileRef = A5AA2A08197CAF11003C06D2 /* XCTest.framework */; };
		A5AA2A0A197CAF11003C06D2 /* Foundation.framework in Frameworks */ = {isa = PBXBuildFile; fileRef = A5AA29E9197CAF11003C06D2 /* Foundation.framework */; };
		A5AA2A0B197CAF11003C06D2 /* UIKit.framework in Frameworks */ = {isa = PBXBuildFile; fileRef = A5AA29ED197CAF11003C06D2 /* UIKit.framework */; };
		A5AA2A13197CAF11003C06D2 /* InfoPlist.strings in Resources */ = {isa = PBXBuildFile; fileRef = A5AA2A11197CAF11003C06D2 /* InfoPlist.strings */; };
		A5AA2A15197CAF11003C06D2 /* NSDateTestDemoTests.m in Sources */ = {isa = PBXBuildFile; fileRef = A5AA2A14197CAF11003C06D2 /* NSDateTestDemoTests.m */; };
/* End PBXBuildFile section */

/* Begin PBXContainerItemProxy section */
		A5AA2A0C197CAF11003C06D2 /* PBXContainerItemProxy */ = {
			isa = PBXContainerItemProxy;
			containerPortal = A5AA29DE197CAF11003C06D2 /* Project object */;
			proxyType = 1;
			remoteGlobalIDString = A5AA29E5197CAF11003C06D2;
			remoteInfo = NSDateTestDemo;
		};
/* End PBXContainerItemProxy section */

/* Begin PBXFileReference section */
		A5AA29E6197CAF11003C06D2 /* NSDateTestDemo.app */ = {isa = PBXFileReference; explicitFileType = wrapper.application; includeInIndex = 0; path = NSDateTestDemo.app; sourceTree = BUILT_PRODUCTS_DIR; };
		A5AA29E9197CAF11003C06D2 /* Foundation.framework */ = {isa = PBXFileReference; lastKnownFileType = wrapper.framework; name = Foundation.framework; path = System/Library/Frameworks/Foundation.framework; sourceTree = SDKROOT; };
		A5AA29EB197CAF11003C06D2 /* CoreGraphics.framework */ = {isa = PBXFileReference; lastKnownFileType = wrapper.framework; name = CoreGraphics.framework; path = System/Library/Frameworks/CoreGraphics.framework; sourceTree = SDKROOT; };
		A5AA29ED197CAF11003C06D2 /* UIKit.framework */ = {isa = PBXFileReference; lastKnownFileType = wrapper.framework; name = UIKit.framework; path = System/Library/Frameworks/UIKit.framework; sourceTree = SDKROOT; };
		A5AA29F1197CAF11003C06D2 /* NSDateTestDemo-Info.plist */ = {isa = PBXFileReference; lastKnownFileType = text.plist.xml; path = "NSDateTestDemo-Info.plist"; sourceTree = "<group>"; };
		A5AA29F3197CAF11003C06D2 /* en */ = {isa = PBXFileReference; lastKnownFileType = text.plist.strings; name = en; path = en.lproj/InfoPlist.strings; sourceTree = "<group>"; };
		A5AA29F5197CAF11003C06D2 /* main.m */ = {isa = PBXFileReference; lastKnownFileType = sourcecode.c.objc; path = main.m; sourceTree = "<group>"; };
		A5AA29F7197CAF11003C06D2 /* NSDateTestDemo-Prefix.pch */ = {isa = PBXFileReference; lastKnownFileType = sourcecode.c.h; path = "NSDateTestDemo-Prefix.pch"; sourceTree = "<group>"; };
		A5AA29F8197CAF11003C06D2 /* LFAppDelegate.h */ = {isa = PBXFileReference; lastKnownFileType = sourcecode.c.h; path = LFAppDelegate.h; sourceTree = "<group>"; };
		A5AA29F9197CAF11003C06D2 /* LFAppDelegate.m */ = {isa = PBXFileReference; lastKnownFileType = sourcecode.c.objc; path = LFAppDelegate.m; sourceTree = "<group>"; };
		A5AA29FC197CAF11003C06D2 /* Base */ = {isa = PBXFileReference; lastKnownFileType = file.storyboard; name = Base; path = Base.lproj/Main.storyboard; sourceTree = "<group>"; };
		A5AA29FE197CAF11003C06D2 /* LFViewController.h */ = {isa = PBXFileReference; lastKnownFileType = sourcecode.c.h; path = LFViewController.h; sourceTree = "<group>"; };
		A5AA29FF197CAF11003C06D2 /* LFViewController.m */ = {isa = PBXFileReference; lastKnownFileType = sourcecode.c.objc; path = LFViewController.m; sourceTree = "<group>"; };
		A5AA2A01197CAF11003C06D2 /* Images.xcassets */ = {isa = PBXFileReference; lastKnownFileType = folder.assetcatalog; path = Images.xcassets; sourceTree = "<group>"; };
		A5AA2A07197CAF11003C06D2 /* NSDateTestDemoTests.xctest */ = {isa = PBXFileReference; explicitFileType = wrapper.cfbundle; includeInIndex = 0; path = NSDateTestDemoTests.xctest; sourceTree = BUILT_PRODUCTS_DIR; };
		A5AA2A08197CAF11003C06D2 /* XCTest.framework */ = {isa = PBXFileReference; lastKnownFileType = wrapper.framework; name = XCTest.framework; path = Library/Frameworks/XCTest.framework; sourceTree = DEVELOPER_DIR; };
		A5AA2A10197CAF11003C06D2 /* NSDateTestDemoTests-Info.plist */ = {isa = PBXFileReference; lastKnownFileType = text.plist.xml; path = "NSDateTestDemoTests-Info.plist"; sourceTree = "<group>"; };
		A5AA2A12197CAF11003C06D2 /* en */ = {isa = PBXFileReference; lastKnownFileType = text.plist.strings; name = en; path = en.lproj/InfoPlist.strings; sourceTree = "<group>"; };
		A5AA2A14197CAF11003C06D2 /* NSDateTestDemoTests.m */ = {isa = PBXFileReference; lastKnownFileType = sourcecode.c.objc; path = NSDateTestDemoTests.m; sourceTree = "<group>"; };
/* End PBXFileReference section */

/* Begin PBXFrameworksBuildPhase section */
		A5AA29E3197CAF11003C06D2 /* Frameworks */ = {
			isa = PBXFrameworksBuildPhase;
			buildActionMask = 2147483647;
			files = (
				A5AA29EC197CAF11003C06D2 /* CoreGraphics.framework in Frameworks */,
				A5AA29EE197CAF11003C06D2 /* UIKit.framework in Frameworks */,
				A5AA29EA197CAF11003C06D2 /* Foundation.framework in Frameworks */,
			);
			runOnlyForDeploymentPostprocessing = 0;
		};
		A5AA2A04197CAF11003C06D2 /* Frameworks */ = {
			isa = PBXFrameworksBuildPhase;
			buildActionMask = 2147483647;
			files = (
				A5AA2A09197CAF11003C06D2 /* XCTest.framework in Frameworks */,
				A5AA2A0B197CAF11003C06D2 /* UIKit.framework in Frameworks */,
				A5AA2A0A197CAF11003C06D2 /* Foundation.framework in Frameworks */,
			);
			runOnlyForDeploymentPostprocessing = 0;
		};
/* End PBXFrameworksBuildPhase section */

/* Begin PBXGroup section */
		A5AA29DD197CAF11003C06D2 = {
			isa = PBXGroup;
			children = (
				A5AA29EF197CAF11003C06D2 /* NSDateTestDemo */,
				A5AA2A0E197CAF11003C06D2 /* NSDateTestDemoTests */,
				A5AA29E8197CAF11003C06D2 /* Frameworks */,
				A5AA29E7197CAF11003C06D2 /* Products */,
			);
			sourceTree = "<group>";
		};
		A5AA29E7197CAF11003C06D2 /* Products */ = {
			isa = PBXGroup;
			children = (
				A5AA29E6197CAF11003C06D2 /* NSDateTestDemo.app */,
				A5AA2A07197CAF11003C06D2 /* NSDateTestDemoTests.xctest */,
			);
			name = Products;
			sourceTree = "<group>";
		};
		A5AA29E8197CAF11003C06D2 /* Frameworks */ = {
			isa = PBXGroup;
			children = (
				A5AA29E9197CAF11003C06D2 /* Foundation.framework */,
				A5AA29EB197CAF11003C06D2 /* CoreGraphics.framework */,
				A5AA29ED197CAF11003C06D2 /* UIKit.framework */,
				A5AA2A08197CAF11003C06D2 /* XCTest.framework */,
			);
			name = Frameworks;
			sourceTree = "<group>";
		};
		A5AA29EF197CAF11003C06D2 /* NSDateTestDemo */ = {
			isa = PBXGroup;
			children = (
				A5AA29F8197CAF11003C06D2 /* LFAppDelegate.h */,
				A5AA29F9197CAF11003C06D2 /* LFAppDelegate.m */,
				A5AA29FB197CAF11003C06D2 /* Main.storyboard */,
				A5AA29FE197CAF11003C06D2 /* LFViewController.h */,
				A5AA29FF197CAF11003C06D2 /* LFViewController.m */,
				A5AA2A01197CAF11003C06D2 /* Images.xcassets */,
				A5AA29F0197CAF11003C06D2 /* Supporting Files */,
			);
			path = NSDateTestDemo;
			sourceTree = "<group>";
		};
		A5AA29F0197CAF11003C06D2 /* Supporting Files */ = {
			isa = PBXGroup;
			children = (
				A5AA29F1197CAF11003C06D2 /* NSDateTestDemo-Info.plist */,
				A5AA29F2197CAF11003C06D2 /* InfoPlist.strings */,
				A5AA29F5197CAF11003C06D2 /* main.m */,
				A5AA29F7197CAF11003C06D2 /* NSDateTestDemo-Prefix.pch */,
			);
			name = "Supporting Files";
			sourceTree = "<group>";
		};
		A5AA2A0E197CAF11003C06D2 /* NSDateTestDemoTests */ = {
			isa = PBXGroup;
			children = (
				A5AA2A14197CAF11003C06D2 /* NSDateTestDemoTests.m */,
				A5AA2A0F197CAF11003C06D2 /* Supporting Files */,
			);
			path = NSDateTestDemoTests;
			sourceTree = "<group>";
		};
		A5AA2A0F197CAF11003C06D2 /* Supporting Files */ = {
			isa = PBXGroup;
			children = (
				A5AA2A10197CAF11003C06D2 /* NSDateTestDemoTests-Info.plist */,
				A5AA2A11197CAF11003C06D2 /* InfoPlist.strings */,
			);
			name = "Supporting Files";
			sourceTree = "<group>";
		};
/* End PBXGroup section */

/* Begin PBXNativeTarget section */
		A5AA29E5197CAF11003C06D2 /* NSDateTestDemo */ = {
			isa = PBXNativeTarget;
			buildConfigurationList = A5AA2A18197CAF11003C06D2 /* Build configuration list for PBXNativeTarget "NSDateTestDemo" */;
			buildPhases = (
				A5AA29E2197CAF11003C06D2 /* Sources */,
				A5AA29E3197CAF11003C06D2 /* Frameworks */,
				A5AA29E4197CAF11003C06D2 /* Resources */,
			);
			buildRules = (
			);
			dependencies = (
			);
			name = NSDateTestDemo;
			productName = NSDateTestDemo;
			productReference = A5AA29E6197CAF11003C06D2 /* NSDateTestDemo.app */;
			productType = "com.apple.product-type.application";
		};
		A5AA2A06197CAF11003C06D2 /* NSDateTestDemoTests */ = {
			isa = PBXNativeTarget;
			buildConfigurationList = A5AA2A1B197CAF11003C06D2 /* Build configuration list for PBXNativeTarget "NSDateTestDemoTests" */;
			buildPhases = (
				A5AA2A03197CAF11003C06D2 /* Sources */,
				A5AA2A04197CAF11003C06D2 /* Frameworks */,
				A5AA2A05197CAF11003C06D2 /* Resources */,
			);
			buildRules = (
			);
			dependencies = (
				A5AA2A0D197CAF11003C06D2 /* PBXTargetDependency */,
			);
			name = NSDateTestDemoTests;
			productName = NSDateTestDemoTests;
			productReference = A5AA2A07197CAF11003C06D2 /* NSDateTestDemoTests.xctest */;
			productType = "com.apple.product-type.bundle.unit-test";
		};
/* End PBXNativeTarget section */

/* Begin PBXProject section */
		A5AA29DE197CAF11003C06D2 /* Project object */ = {
			isa = PBXProject;
			attributes = {
				CLASSPREFIX = LF;
				LastUpgradeCheck = 0510;
				ORGANIZATIONNAME = self;
				TargetAttributes = {
					A5AA2A06197CAF11003C06D2 = {
						TestTargetID = A5AA29E5197CAF11003C06D2;
					};
				};
			};
			buildConfigurationList = A5AA29E1197CAF11003C06D2 /* Build configuration list for PBXProject "NSDateTestDemo" */;
			compatibilityVersion = "Xcode 3.2";
			developmentRegion = English;
			hasScannedForEncodings = 0;
			knownRegions = (
				en,
				Base,
			);
			mainGroup = A5AA29DD197CAF11003C06D2;
			productRefGroup = A5AA29E7197CAF11003C06D2 /* Products */;
			projectDirPath = "";
			projectRoot = "";
			targets = (
				A5AA29E5197CAF11003C06D2 /* NSDateTestDemo */,
				A5AA2A06197CAF11003C06D2 /* NSDateTestDemoTests */,
			);
		};
/* End PBXProject section */

/* Begin PBXResourcesBuildPhase section */
		A5AA29E4197CAF11003C06D2 /* Resources */ = {
			isa = PBXResourcesBuildPhase;
			buildActionMask = 2147483647;
			files = (
				A5AA2A02197CAF11003C06D2 /* Images.xcassets in Resources */,
				A5AA29F4197CAF11003C06D2 /* InfoPlist.strings in Resources */,
				A5AA29FD197CAF11003C06D2 /* Main.storyboard in Resources */,
			);
			runOnlyForDeploymentPostprocessing = 0;
		};
		A5AA2A05197CAF11003C06D2 /* Resources */ = {
			isa = PBXResourcesBuildPhase;
			buildActionMask = 2147483647;
			files = (
				A5AA2A13197CAF11003C06D2 /* InfoPlist.strings in Resources */,
			);
			runOnlyForDeploymentPostprocessing = 0;
		};
/* End PBXResourcesBuildPhase section */

/* Begin PBXSourcesBuildPhase section */
		A5AA29E2197CAF11003C06D2 /* Sources */ = {
			isa = PBXSourcesBuildPhase;
			buildActionMask = 2147483647;
			files = (
				A5AA29FA197CAF11003C06D2 /* LFAppDelegate.m in Sources */,
				A5AA29F6197CAF11003C06D2 /* main.m in Sources */,
				A5AA2A00197CAF11003C06D2 /* LFViewController.m in Sources */,
			);
			runOnlyForDeploymentPostprocessing = 0;
		};
		A5AA2A03197CAF11003C06D2 /* Sources */ = {
			isa = PBXSourcesBuildPhase;
			buildActionMask = 2147483647;
			files = (
				A5AA2A15197CAF11003C06D2 /* NSDateTestDemoTests.m in Sources */,
			);
			runOnlyForDeploymentPostprocessing = 0;
		};
/* End PBXSourcesBuildPhase section */

/* Begin PBXTargetDependency section */
		A5AA2A0D197CAF11003C06D2 /* PBXTargetDependency */ = {
			isa = PBXTargetDependency;
			target = A5AA29E5197CAF11003C06D2 /* NSDateTestDemo */;
			targetProxy = A5AA2A0C197CAF11003C06D2 /* PBXContainerItemProxy */;
		};
/* End PBXTargetDependency section */

/* Begin PBXVariantGroup section */
		A5AA29F2197CAF11003C06D2 /* InfoPlist.strings */ = {
			isa = PBXVariantGroup;
			children = (
				A5AA29F3197CAF11003C06D2 /* en */,
			);
			name = InfoPlist.strings;
			sourceTree = "<group>";
		};
		A5AA29FB197CAF11003C06D2 /* Main.storyboard */ = {
			isa = PBXVariantGroup;
			children = (
				A5AA29FC197CAF11003C06D2 /* Base */,
			);
			name = Main.storyboard;
			sourceTree = "<group>";
		};
		A5AA2A11197CAF11003C06D2 /* InfoPlist.strings */ = {
			isa = PBXVariantGroup;
			children = (
				A5AA2A12197CAF11003C06D2 /* en */,
			);
			name = InfoPlist.strings;
			sourceTree = "<group>";
		};
/* End PBXVariantGroup section */

/* Begin XCBuildConfiguration section */
		A5AA2A16197CAF11003C06D2 /* Debug */ = {
			isa = XCBuildConfiguration;
			buildSettings = {
				ALWAYS_SEARCH_USER_PATHS = NO;
				CLANG_CXX_LANGUAGE_STANDARD = "gnu++0x";
				CLANG_CXX_LIBRARY = "libc++";
				CLANG_ENABLE_MODULES = YES;
				CLANG_ENABLE_OBJC_ARC = YES;
				CLANG_WARN_BOOL_CONVERSION = YES;
				CLANG_WARN_CONSTANT_CONVERSION = YES;
				CLANG_WARN_DIRECT_OBJC_ISA_USAGE = YES_ERROR;
				CLANG_WARN_EMPTY_BODY = YES;
				CLANG_WARN_ENUM_CONVERSION = YES;
				CLANG_WARN_INT_CONVERSION = YES;
				CLANG_WARN_OBJC_ROOT_CLASS = YES_ERROR;
				CLANG_WARN__DUPLICATE_METHOD_MATCH = YES;
				"CODE_SIGN_IDENTITY[sdk=iphoneos*]" = "iPhone Developer";
				COPY_PHASE_STRIP = NO;
				GCC_C_LANGUAGE_STANDARD = gnu99;
				GCC_DYNAMIC_NO_PIC = NO;
				GCC_OPTIMIZATION_LEVEL = 0;
				GCC_PREPROCESSOR_DEFINITIONS = (
					"DEBUG=1",
					"$(inherited)",
				);
				GCC_SYMBOLS_PRIVATE_EXTERN = NO;
				GCC_WARN_64_TO_32_BIT_CONVERSION = YES;
				GCC_WARN_ABOUT_RETURN_TYPE = YES_ERROR;
				GCC_WARN_UNDECLARED_SELECTOR = YES;
				GCC_WARN_UNINITIALIZED_AUTOS = YES_AGGRESSIVE;
				GCC_WARN_UNUSED_FUNCTION = YES;
				GCC_WARN_UNUSED_VARIABLE = YES;
				IPHONEOS_DEPLOYMENT_TARGET = 7.1;
				ONLY_ACTIVE_ARCH = YES;
				SDKROOT = iphoneos;
			};
			name = Debug;
		};
		A5AA2A17197CAF11003C06D2 /* Release */ = {
			isa = XCBuildConfiguration;
			buildSettings = {
				ALWAYS_SEARCH_USER_PATHS = NO;
				CLANG_CXX_LANGUAGE_STANDARD = "gnu++0x";
				CLANG_CXX_LIBRARY = "libc++";
				CLANG_ENABLE_MODULES = YES;
				CLANG_ENABLE_OBJC_ARC = YES;
				CLANG_WARN_BOOL_CONVERSION = YES;
				CLANG_WARN_CONSTANT_CONVERSION = YES;
				CLANG_WARN_DIRECT_OBJC_ISA_USAGE = YES_ERROR;
				CLANG_WARN_EMPTY_BODY = YES;
				CLANG_WARN_ENUM_CONVERSION = YES;
				CLANG_WARN_INT_CONVERSION = YES;
				CLANG_WARN_OBJC_ROOT_CLASS = YES_ERROR;
				CLANG_WARN__DUPLICATE_METHOD_MATCH = YES;
				"CODE_SIGN_IDENTITY[sdk=iphoneos*]" = "iPhone Developer";
				COPY_PHASE_STRIP = YES;
				ENABLE_NS_ASSERTIONS = NO;
				GCC_C_LANGUAGE_STANDARD = gnu99;
				GCC_WARN_64_TO_32_BIT_CONVERSION = YES;
				GCC_WARN_ABOUT_RETURN_TYPE = YES_ERROR;
				GCC_WARN_UNDECLARED_SELECTOR = YES;
				GCC_WARN_UNINITIALIZED_AUTOS = YES_AGGRESSIVE;
				GCC_WARN_UNUSED_FUNCTION = YES;
				GCC_WARN_UNUSED_VARIABLE = YES;
				IPHONEOS_DEPLOYMENT_TARGET = 7.1;
				SDKROOT = iphoneos;
				VALIDATE_PRODUCT = YES;
			};
			name = Release;
		};
		A5AA2A19197CAF11003C06D2 /* Debug */ = {
			isa = XCBuildConfiguration;
			buildSettings = {
				ASSETCATALOG_COMPILER_APPICON_NAME = AppIcon;
				ASSETCATALOG_COMPILER_LAUNCHIMAGE_NAME = LaunchImage;
				GCC_PRECOMPILE_PREFIX_HEADER = YES;
				GCC_PREFIX_HEADER = "NSDateTestDemo/NSDateTestDemo-Prefix.pch";
				INFOPLIST_FILE = "NSDateTestDemo/NSDateTestDemo-Info.plist";
				PRODUCT_NAME = "$(TARGET_NAME)";
				WRAPPER_EXTENSION = app;
			};
			name = Debug;
		};
		A5AA2A1A197CAF11003C06D2 /* Release */ = {
			isa = XCBuildConfiguration;
			buildSettings = {
				ASSETCATALOG_COMPILER_APPICON_NAME = AppIcon;
				ASSETCATALOG_COMPILER_LAUNCHIMAGE_NAME = LaunchImage;
				GCC_PRECOMPILE_PREFIX_HEADER = YES;
				GCC_PREFIX_HEADER = "NSDateTestDemo/NSDateTestDemo-Prefix.pch";
				INFOPLIST_FILE = "NSDateTestDemo/NSDateTestDemo-Info.plist";
				PRODUCT_NAME = "$(TARGET_NAME)";
				WRAPPER_EXTENSION = app;
			};
			name = Release;
		};
		A5AA2A1C197CAF11003C06D2 /* Debug */ = {
			isa = XCBuildConfiguration;
			buildSettings = {
				BUNDLE_LOADER = "$(BUILT_PRODUCTS_DIR)/NSDateTestDemo.app/NSDateTestDemo";
				FRAMEWORK_SEARCH_PATHS = (
					"$(SDKROOT)/Developer/Library/Frameworks",
					"$(inherited)",
					"$(DEVELOPER_FRAMEWORKS_DIR)",
				);
				GCC_PRECOMPILE_PREFIX_HEADER = YES;
				GCC_PREFIX_HEADER = "NSDateTestDemo/NSDateTestDemo-Prefix.pch";
				GCC_PREPROCESSOR_DEFINITIONS = (
					"DEBUG=1",
					"$(inherited)",
				);
				INFOPLIST_FILE = "NSDateTestDemoTests/NSDateTestDemoTests-Info.plist";
				PRODUCT_NAME = "$(TARGET_NAME)";
				TEST_HOST = "$(BUNDLE_LOADER)";
				WRAPPER_EXTENSION = xctest;
			};
			name = Debug;
		};
		A5AA2A1D197CAF11003C06D2 /* Release */ = {
			isa = XCBuildConfiguration;
			buildSettings = {
				BUNDLE_LOADER = "$(BUILT_PRODUCTS_DIR)/NSDateTestDemo.app/NSDateTestDemo";
				FRAMEWORK_SEARCH_PATHS = (
					"$(SDKROOT)/Developer/Library/Frameworks",
					"$(inherited)",
					"$(DEVELOPER_FRAMEWORKS_DIR)",
				);
				GCC_PRECOMPILE_PREFIX_HEADER = YES;
				GCC_PREFIX_HEADER = "NSDateTestDemo/NSDateTestDemo-Prefix.pch";
				INFOPLIST_FILE = "NSDateTestDemoTests/NSDateTestDemoTests-Info.plist";
				PRODUCT_NAME = "$(TARGET_NAME)";
				TEST_HOST = "$(BUNDLE_LOADER)";
				WRAPPER_EXTENSION = xctest;
			};
			name = Release;
		};
/* End XCBuildConfiguration section */

/* Begin XCConfigurationList section */
		A5AA29E1197CAF11003C06D2 /* Build configuration list for PBXProject "NSDateTestDemo" */ = {
			isa = XCConfigurationList;
			buildConfigurations = (
				A5AA2A16197CAF11003C06D2 /* Debug */,
				A5AA2A17197CAF11003C06D2 /* Release */,
			);
			defaultConfigurationIsVisible = 0;
			defaultConfigurationName = Release;
		};
		A5AA2A18197CAF11003C06D2 /* Build configuration list for PBXNativeTarget "NSDateTestDemo" */ = {
			isa = XCConfigurationList;
			buildConfigurations = (
				A5AA2A19197CAF11003C06D2 /* Debug */,
				A5AA2A1A197CAF11003C06D2 /* Release */,
			);
			defaultConfigurationIsVisible = 0;
			defaultConfigurationName = Release;
		};
		A5AA2A1B197CAF11003C06D2 /* Build configuration list for PBXNativeTarget "NSDateTestDemoTests" */ = {
			isa = XCConfigurationList;
			buildConfigurations = (
				A5AA2A1C197CAF11003C06D2 /* Debug */,
				A5AA2A1D197CAF11003C06D2 /* Release */,
			);
			defaultConfigurationIsVisible = 0;
			defaultConfigurationName = Release;
		};
/* End XCConfigurationList section */
	};
	rootObject = A5AA29DE197CAF11003C06D2 /* Project object */;
}
